hash: 2cc1fadf622aaffadbe07fca46d78d92489d940dc2e8b2608d01a56533930bad
updated: 2016-08-27T19:45:53.954789122+02:00
imports:
- name: github.com/dustin/go-humanize
  version: 2fcb5204cdc65b4bec9fd0a87606bb0d0e3c54e8
- name: github.com/urfave/cli
  version: 05fe449c81eb7305a34e9253c321c960a1c5e057
devImports: []
